PODS:
  - Alamofire (4.8.1)
  - AlamofireImage (3.5.0):
    - Alamofire (~> 4.8)
  - AlamofireObjectMapper (5.2.0):
    - Alamofire (~> 4.7)
    - ObjectMapper (~> 3.4)
  - lottie-ios (2.5.2)
  - ObjectMapper (3.4.2)
  - SwiftyJSON (4.2.0)

DEPENDENCIES:
  - Alamofire
  - AlamofireImage
  - AlamofireObjectMapper (~> 5.0)
  - lottie-ios
  - SwiftyJSON

SPEC REPOS:
  https://github.com/cocoapods/specs.git:
    - Alamofire
    - AlamofireImage
    - AlamofireObjectMapper
    - lottie-ios
    - ObjectMapper
    - SwiftyJSON

SPEC CHECKSUMS:
  Alamofire: 16ce2c353fb72865124ddae8a57c5942388f4f11
  AlamofireImage: 1aea346f4dda2f6c67622fa5a89fcbb80d79cc16
  AlamofireObjectMapper: 92b6ce2423a9d159e686f6a1d514a009bf903ddc
  lottie-ios: 3fef45d3fabe63e3c7c2eb603dd64ddfffc73062
  ObjectMapper: 0d4402610f4e468903ae64629eec4784531e5c51
  SwiftyJSON: c4bcba26dd9ec7a027fc8eade48e2c911f229e96

PODFILE CHECKSUM: 5447a5182b7c858c1659734cf729825bb68e2544

COCOAPODS: 1.5.3
